Microsoft Visual Studio Solution File, Format Version 12.00
# Visual Studio Version 17
VisualStudioVersion = 17.5.2.0
MinimumVisualStudioVersion = 10.0.40219.1
Project("{FAE04EC0-301F-11D3-BF4B-00C04F79EFBC}") = "CodeChallenges", "CodeChallenges\CodeChallenges.csproj", "{55AA9225-BB11-E4B8-F2A8-E3A09E109361}"
EndProject
Global
	GlobalSection(SolutionConfigurationPlatforms) = preSolution
		Debug|Any CPU = Debug|Any CPU
		Release|Any CPU = Release|Any CPU
	EndGlobalSection
	GlobalSection(ProjectConfigurationPlatforms) = postSolution
		{55AA9225-BB11-E4B8-F2A8-E3A09E109361}.Debug|Any CPU.ActiveCfg = Debug|Any CPU
		{55AA9225-BB11-E4B8-F2A8-E3A09E109361}.Debug|Any CPU.Build.0 = Debug|Any CPU
		{55AA9225-BB11-E4B8-F2A8-E3A09E109361}.Release|Any CPU.ActiveCfg = Release|Any CPU
		{55AA9225-BB11-E4B8-F2A8-E3A09E109361}.Release|Any CPU.Build.0 = Release|Any CPU
	EndGlobalSection
	GlobalSection(SolutionProperties) = preSolution
		HideSolutionNode = FALSE
	EndGlobalSection
	GlobalSection(ExtensibilityGlobals) = postSolution
		SolutionGuid = {E1613F1B-E208-4017-A3C7-8A50703EA73C}
	EndGlobalSection
EndGlobal
